
Microsoft Visual Studio Solution File, Format Version 12.00
# Visual Studio Version 17
VisualStudioVersion = 17.9.34728.123
MinimumVisualStudioVersion = 10.0.40219.1
Project("{9A19103F-16F7-4668-BE54-9A1E7A4F7556}") = "GestionCitasMedicas", "GestionCitasMedicas.csproj", "{97C39168-1CE8-48E4-BB53-669A81A56BBA}"
EndProject
Project("{2150E333-8FDC-42A3-9474-1A3956D46DE8}") = "Elementos de la solución", "Elementos de la solución", "{0BCA25DE-70F6-4777-8AB2-70FED89E7EF6}"
EndProject
Global
	GlobalSection(SolutionConfigurationPlatforms) = preSolution
		Debug|Any CPU = Debug|Any CPU
		Release|Any CPU = Release|Any CPU
	EndGlobalSection
	GlobalSection(ProjectConfigurationPlatforms) = postSolution
		{97C39168-1CE8-48E4-BB53-669A81A56BBA}.Debug|Any CPU.ActiveCfg = Debug|Any CPU
		{97C39168-1CE8-48E4-BB53-669A81A56BBA}.Debug|Any CPU.Build.0 = Debug|Any CPU
		{97C39168-1CE8-48E4-BB53-669A81A56BBA}.Release|Any CPU.ActiveCfg = Release|Any CPU
		{97C39168-1CE8-48E4-BB53-669A81A56BBA}.Release|Any CPU.Build.0 = Release|Any CPU
	EndGlobalSection
	GlobalSection(SolutionProperties) = preSolution
		HideSolutionNode = FALSE
	EndGlobalSection
	GlobalSection(ExtensibilityGlobals) = postSolution
		SolutionGuid = {2B364AC3-7C42-46D4-9856-456D1690169B}
	EndGlobalSection
EndGlobal
